{
  "name": "transsss",
  "lockfileVersion": 2,
  "requires": true,
  "packages": {
    "": {
      "dependencies": {
        "tailwindcss": "^4.1.6",
        "typescript-cookie": "^1.0.6"
      }
    },
    "node_modules/tailwindcss": {
      "version": "4.1.6",
      "resolved": "https://registry.npmjs.org/tailwindcss/-/tailwindcss-4.1.6.tgz",
      "integrity": "sha512-j0cGLTreM6u4OWzBeLBpycK0WIh8w7kSwcUsQZoGLHZ7xDTdM69lN64AgoIEEwFi0tnhs4wSykUa5YWxAzgFYg=="
    },
    "node_modules/typescript-cookie": {
      "version": "1.0.6",
      "resolved": "https://registry.npmjs.org/typescript-cookie/-/typescript-cookie-1.0.6.tgz",
      "integrity": "sha512-s+BZr7/9BUG6Kg7jGGcOY/4XJcP+iZRFdF3q4FPTfRSP83ivLWF94OcH8PrzGmnS8Ab9qP7ENu/ikLwNFsIafA==",
      "engines": {
        "node": ">=14"
      }
    }
  },
  "dependencies": {
    "tailwindcss": {
      "version": "4.1.6",
      "resolved": "https://registry.npmjs.org/tailwindcss/-/tailwindcss-4.1.6.tgz",
      "integrity": "sha512-j0cGLTreM6u4OWzBeLBpycK0WIh8w7kSwcUsQZoGLHZ7xDTdM69lN64AgoIEEwFi0tnhs4wSykUa5YWxAzgFYg=="
    },
    "typescript-cookie": {
      "version": "1.0.6",
      "resolved": "https://registry.npmjs.org/typescript-cookie/-/typescript-cookie-1.0.6.tgz",
      "integrity": "sha512-s+BZr7/9BUG6Kg7jGGcOY/4XJcP+iZRFdF3q4FPTfRSP83ivLWF94OcH8PrzGmnS8Ab9qP7ENu/ikLwNFsIafA=="
    }
  }
}
